// !$*UTF8*$!
{
	archiveVersion = 1;
	classes = {
	};
	objectVersion = 56;
	objects = {

/* Begin PBXBuildFile section */
		F0A9634028E815EA00DB79A5 /* AppDelegate.swift in Sources */ = {isa = PBXBuildFile; fileRef = F0A9633F28E815EA00DB79A5 /* AppDelegate.swift */; };
		F0A9634228E815EA00DB79A5 /* SceneDelegate.swift in Sources */ = {isa = PBXBuildFile; fileRef = F0A9634128E815EA00DB79A5 /* SceneDelegate.swift */; };
		F0A9634428E815EA00DB79A5 /* MainViewController.swift in Sources */ = {isa = PBXBuildFile; fileRef = F0A9634328E815EA00DB79A5 /* MainViewController.swift */; };
		F0A9634928E815EC00DB79A5 /* Assets.xcassets in Resources */ = {isa = PBXBuildFile; fileRef = F0A9634828E815EC00DB79A5 /* Assets.xcassets */; };
		F0A9634C28E815EC00DB79A5 /* LaunchScreen.storyboard in Resources */ = {isa = PBXBuildFile; fileRef = F0A9634A28E815EC00DB79A5 /* LaunchScreen.storyboard */; };
		F0A9636028E825E700DB79A5 /* MainView.swift in Sources */ = {isa = PBXBuildFile; fileRef = F0A9635F28E825E700DB79A5 /* MainView.swift */; };
		F0A9636428E8267600DB79A5 /* iTunesAPI.swift in Sources */ = {isa = PBXBuildFile; fileRef = F0A9636328E8267600DB79A5 /* iTunesAPI.swift */; };
		F0A9636728E8308C00DB79A5 /* PodcastResponse.swift in Sources */ = {isa = PBXBuildFile; fileRef = F0A9636628E8308C00DB79A5 /* PodcastResponse.swift */; };
		F0A9636928E830CF00DB79A5 /* Podcast.swift in Sources */ = {isa = PBXBuildFile; fileRef = F0A9636828E830CF00DB79A5 /* Podcast.swift */; };
/* End PBXBuildFile section */

/* Begin PBXFileReference section */
		F0A9633C28E815EA00DB79A5 /* iTunes Client App.app */ = {isa = PBXFileReference; explicitFileType = wrapper.application; includeInIndex = 0; path = "iTunes Client App.app"; sourceTree = BUILT_PRODUCTS_DIR; };
		F0A9633F28E815EA00DB79A5 /* AppDelegate.swift */ = {isa = PBXFileReference; lastKnownFileType = sourcecode.swift; path = AppDelegate.swift; sourceTree = "<group>"; };
		F0A9634128E815EA00DB79A5 /* SceneDelegate.swift */ = {isa = PBXFileReference; lastKnownFileType = sourcecode.swift; path = SceneDelegate.swift; sourceTree = "<group>"; };
		F0A9634328E815EA00DB79A5 /* MainViewController.swift */ = {isa = PBXFileReference; lastKnownFileType = sourcecode.swift; path = MainViewController.swift; sourceTree = "<group>"; };
		F0A9634828E815EC00DB79A5 /* Assets.xcassets */ = {isa = PBXFileReference; lastKnownFileType = folder.assetcatalog; path = Assets.xcassets; sourceTree = "<group>"; };
		F0A9634B28E815EC00DB79A5 /* Base */ = {isa = PBXFileReference; lastKnownFileType = file.storyboard; name = Base; path = Base.lproj/LaunchScreen.storyboard; sourceTree = "<group>"; };
		F0A9634D28E815EC00DB79A5 /* Info.plist */ = {isa = PBXFileReference; lastKnownFileType = text.plist.xml; path = Info.plist; sourceTree = "<group>"; };
		F0A9635F28E825E700DB79A5 /* MainView.swift */ = {isa = PBXFileReference; lastKnownFileType = sourcecode.swift; path = MainView.swift; sourceTree = "<group>"; };
		F0A9636328E8267600DB79A5 /* iTunesAPI.swift */ = {isa = PBXFileReference; lastKnownFileType = sourcecode.swift; path = iTunesAPI.swift; sourceTree = "<group>"; };
		F0A9636628E8308C00DB79A5 /* PodcastResponse.swift */ = {isa = PBXFileReference; lastKnownFileType = sourcecode.swift; path = PodcastResponse.swift; sourceTree = "<group>"; };
		F0A9636828E830CF00DB79A5 /* Podcast.swift */ = {isa = PBXFileReference; lastKnownFileType = sourcecode.swift; path = Podcast.swift; sourceTree = "<group>"; };
/* End PBXFileReference section */

/* Begin PBXFrameworksBuildPhase section */
		F0A9633928E815EA00DB79A5 /* Frameworks */ = {
			isa = PBXFrameworksBuildPhase;
			buildActionMask = 2147483647;
			files = (
			);
			runOnlyForDeploymentPostprocessing = 0;
		};
/* End PBXFrameworksBuildPhase section */

/* Begin PBXGroup section */
		F0A9633328E815EA00DB79A5 = {
			isa = PBXGroup;
			children = (
				F0A9633E28E815EA00DB79A5 /* iTunes Client App */,
				F0A9633D28E815EA00DB79A5 /* Products */,
			);
			sourceTree = "<group>";
		};
		F0A9633D28E815EA00DB79A5 /* Products */ = {
			isa = PBXGroup;
			children = (
				F0A9633C28E815EA00DB79A5 /* iTunes Client App.app */,
			);
			name = Products;
			sourceTree = "<group>";
		};
		F0A9633E28E815EA00DB79A5 /* iTunes Client App */ = {
			isa = PBXGroup;
			children = (
				F0A9635328E818CF00DB79A5 /* App */,
				F0A9635428E818D500DB79A5 /* Screens */,
			);
			path = "iTunes Client App";
			sourceTree = "<group>";
		};
		F0A9635328E818CF00DB79A5 /* App */ = {
			isa = PBXGroup;
			children = (
				F0A9636128E8265D00DB79A5 /* Core */,
				F0A9635828E8190600DB79A5 /* Assets */,
				F0A9635728E8190000DB79A5 /* Plists */,
				F0A9635628E818FC00DB79A5 /* Views */,
				F0A9635528E818F700DB79A5 /* Delegates */,
			);
			path = App;
			sourceTree = "<group>";
		};
		F0A9635428E818D500DB79A5 /* Screens */ = {
			isa = PBXGroup;
			children = (
				F0A9635928E8191300DB79A5 /* Main */,
			);
			path = Screens;
			sourceTree = "<group>";
		};
		F0A9635528E818F700DB79A5 /* Delegates */ = {
			isa = PBXGroup;
			children = (
				F0A9634128E815EA00DB79A5 /* SceneDelegate.swift */,
				F0A9633F28E815EA00DB79A5 /* AppDelegate.swift */,
			);
			path = Delegates;
			sourceTree = "<group>";
		};
		F0A9635628E818FC00DB79A5 /* Views */ = {
			isa = PBXGroup;
			children = (
				F0A9634A28E815EC00DB79A5 /* LaunchScreen.storyboard */,
			);
			path = Views;
			sourceTree = "<group>";
		};
		F0A9635728E8190000DB79A5 /* Plists */ = {
			isa = PBXGroup;
			children = (
				F0A9634D28E815EC00DB79A5 /* Info.plist */,
			);
			path = Plists;
			sourceTree = "<group>";
		};
		F0A9635828E8190600DB79A5 /* Assets */ = {
			isa = PBXGroup;
			children = (
				F0A9634828E815EC00DB79A5 /* Assets.xcassets */,
			);
			path = Assets;
			sourceTree = "<group>";
		};
		F0A9635928E8191300DB79A5 /* Main */ = {
			isa = PBXGroup;
			children = (
				F0A9636528E8307300DB79A5 /* Model */,
				F0A9635C28E8257B00DB79A5 /* View */,
				F0A9635A28E8191E00DB79A5 /* Controller */,
			);
			path = Main;
			sourceTree = "<group>";
		};
		F0A9635A28E8191E00DB79A5 /* Controller */ = {
			isa = PBXGroup;
			children = (
				F0A9634328E815EA00DB79A5 /* MainViewController.swift */,
			);
			path = Controller;
			sourceTree = "<group>";
		};
		F0A9635C28E8257B00DB79A5 /* View */ = {
			isa = PBXGroup;
			children = (
				F0A9635F28E825E700DB79A5 /* MainView.swift */,
			);
			path = View;
			sourceTree = "<group>";
		};
		F0A9636128E8265D00DB79A5 /* Core */ = {
			isa = PBXGroup;
			children = (
				F0A9636228E8266100DB79A5 /* Network */,
			);
			path = Core;
			sourceTree = "<group>";
		};
		F0A9636228E8266100DB79A5 /* Network */ = {
			isa = PBXGroup;
			children = (
				F0A9636328E8267600DB79A5 /* iTunesAPI.swift */,
			);
			path = Network;
			sourceTree = "<group>";
		};
		F0A9636528E8307300DB79A5 /* Model */ = {
			isa = PBXGroup;
			children = (
				F0A9636628E8308C00DB79A5 /* PodcastResponse.swift */,
				F0A9636828E830CF00DB79A5 /* Podcast.swift */,
			);
			path = Model;
			sourceTree = "<group>";
		};
/* End PBXGroup section */

/* Begin PBXNativeTarget section */
		F0A9633B28E815EA00DB79A5 /* iTunes Client App */ = {
			isa = PBXNativeTarget;
			buildConfigurationList = F0A9635028E815EC00DB79A5 /* Build configuration list for PBXNativeTarget "iTunes Client App" */;
			buildPhases = (
				F0A9633828E815EA00DB79A5 /* Sources */,
				F0A9633928E815EA00DB79A5 /* Frameworks */,
				F0A9633A28E815EA00DB79A5 /* Resources */,
			);
			buildRules = (
			);
			dependencies = (
			);
			name = "iTunes Client App";
			productName = "iTunes Client App";
			productReference = F0A9633C28E815EA00DB79A5 /* iTunes Client App.app */;
			productType = "com.apple.product-type.application";
		};
/* End PBXNativeTarget section */

/* Begin PBXProject section */
		F0A9633428E815EA00DB79A5 /* Project object */ = {
			isa = PBXProject;
			attributes = {
				BuildIndependentTargetsInParallel = 1;
				LastSwiftUpdateCheck = 1400;
				LastUpgradeCheck = 1400;
				TargetAttributes = {
					F0A9633B28E815EA00DB79A5 = {
						CreatedOnToolsVersion = 14.0.1;
					};
				};
			};
			buildConfigurationList = F0A9633728E815EA00DB79A5 /* Build configuration list for PBXProject "iTunes Client App" */;
			compatibilityVersion = "Xcode 14.0";
			developmentRegion = en;
			hasScannedForEncodings = 0;
			knownRegions = (
				en,
				Base,
			);
			mainGroup = F0A9633328E815EA00DB79A5;
			productRefGroup = F0A9633D28E815EA00DB79A5 /* Products */;
			projectDirPath = "";
			projectRoot = "";
			targets = (
				F0A9633B28E815EA00DB79A5 /* iTunes Client App */,
			);
		};
/* End PBXProject section */

/* Begin PBXResourcesBuildPhase section */
		F0A9633A28E815EA00DB79A5 /* Resources */ = {
			isa = PBXResourcesBuildPhase;
			buildActionMask = 2147483647;
			files = (
				F0A9634C28E815EC00DB79A5 /* LaunchScreen.storyboard in Resources */,
				F0A9634928E815EC00DB79A5 /* Assets.xcassets in Resources */,
			);
			runOnlyForDeploymentPostprocessing = 0;
		};
/* End PBXResourcesBuildPhase section */

/* Begin PBXSourcesBuildPhase section */
		F0A9633828E815EA00DB79A5 /* Sources */ = {
			isa = PBXSourcesBuildPhase;
			buildActionMask = 2147483647;
			files = (
				F0A9634428E815EA00DB79A5 /* MainViewController.swift in Sources */,
				F0A9636928E830CF00DB79A5 /* Podcast.swift in Sources */,
				F0A9636728E8308C00DB79A5 /* PodcastResponse.swift in Sources */,
				F0A9636428E8267600DB79A5 /* iTunesAPI.swift in Sources */,
				F0A9636028E825E700DB79A5 /* MainView.swift in Sources */,
				F0A9634028E815EA00DB79A5 /* AppDelegate.swift in Sources */,
				F0A9634228E815EA00DB79A5 /* SceneDelegate.swift in Sources */,
			);
			runOnlyForDeploymentPostprocessing = 0;
		};
/* End PBXSourcesBuildPhase section */

/* Begin PBXVariantGroup section */
		F0A9634A28E815EC00DB79A5 /* LaunchScreen.storyboard */ = {
			isa = PBXVariantGroup;
			children = (
				F0A9634B28E815EC00DB79A5 /* Base */,
			);
			name = LaunchScreen.storyboard;
			sourceTree = "<group>";
		};
/* End PBXVariantGroup section */

/* Begin XCBuildConfiguration section */
		F0A9634E28E815EC00DB79A5 /* Debug */ = {
			isa = XCBuildConfiguration;
			buildSettings = {
				ALWAYS_SEARCH_USER_PATHS = NO;
				CLANG_ANALYZER_NONNULL = YES;
				CLANG_ANALYZER_NUMBER_OBJECT_CONVERSION = YES_AGGRESSIVE;
				CLANG_CXX_LANGUAGE_STANDARD = "gnu++20";
				CLANG_ENABLE_MODULES = YES;
				CLANG_ENABLE_OBJC_ARC = YES;
				CLANG_ENABLE_OBJC_WEAK = YES;
				CLANG_WARN_BLOCK_CAPTURE_AUTORELEASING = YES;
				CLANG_WARN_BOOL_CONVERSION = YES;
				CLANG_WARN_COMMA = YES;
				CLANG_WARN_CONSTANT_CONVERSION = YES;
				CLANG_WARN_DEPRECATED_OBJC_IMPLEMENTATIONS = YES;
				CLANG_WARN_DIRECT_OBJC_ISA_USAGE = YES_ERROR;
				CLANG_WARN_DOCUMENTATION_COMMENTS = YES;
				CLANG_WARN_EMPTY_BODY = YES;
				CLANG_WARN_ENUM_CONVERSION = YES;
				CLANG_WARN_INFINITE_RECURSION = YES;
				CLANG_WARN_INT_CONVERSION = YES;
				CLANG_WARN_NON_LITERAL_NULL_CONVERSION = YES;
				CLANG_WARN_OBJC_IMPLICIT_RETAIN_SELF = YES;
				CLANG_WARN_OBJC_LITERAL_CONVERSION = YES;
				CLANG_WARN_OBJC_ROOT_CLASS = YES_ERROR;
				CLANG_WARN_QUOTED_INCLUDE_IN_FRAMEWORK_HEADER = YES;
				CLANG_WARN_RANGE_LOOP_ANALYSIS = YES;
				CLANG_WARN_STRICT_PROTOTYPES = YES;
				CLANG_WARN_SUSPICIOUS_MOVE = YES;
				CLANG_WARN_UNGUARDED_AVAILABILITY = YES_AGGRESSIVE;
				CLANG_WARN_UNREACHABLE_CODE = YES;
				CLANG_WARN__DUPLICATE_METHOD_MATCH = YES;
				COPY_PHASE_STRIP = NO;
				DEBUG_INFORMATION_FORMAT = dwarf;
				ENABLE_STRICT_OBJC_MSGSEND = YES;
				ENABLE_TESTABILITY = YES;
				GCC_C_LANGUAGE_STANDARD = gnu11;
				GCC_DYNAMIC_NO_PIC = NO;
				GCC_NO_COMMON_BLOCKS = YES;
				GCC_OPTIMIZATION_LEVEL = 0;
				GCC_PREPROCESSOR_DEFINITIONS = (
					"DEBUG=1",
					"$(inherited)",
				);
				GCC_WARN_64_TO_32_BIT_CONVERSION = YES;
				GCC_WARN_ABOUT_RETURN_TYPE = YES_ERROR;
				GCC_WARN_UNDECLARED_SELECTOR = YES;
				GCC_WARN_UNINITIALIZED_AUTOS = YES_AGGRESSIVE;
				GCC_WARN_UNUSED_FUNCTION = YES;
				GCC_WARN_UNUSED_VARIABLE = YES;
				IPHONEOS_DEPLOYMENT_TARGET = 16.0;
				MTL_ENABLE_DEBUG_INFO = INCLUDE_SOURCE;
				MTL_FAST_MATH = YES;
				ONLY_ACTIVE_ARCH = YES;
				SDKROOT = iphoneos;
				SWIFT_ACTIVE_COMPILATION_CONDITIONS = DEBUG;
				SWIFT_OPTIMIZATION_LEVEL = "-Onone";
			};
			name = Debug;
		};
		F0A9634F28E815EC00DB79A5 /* Release */ = {
			isa = XCBuildConfiguration;
			buildSettings = {
				ALWAYS_SEARCH_USER_PATHS = NO;
				CLANG_ANALYZER_NONNULL = YES;
				CLANG_ANALYZER_NUMBER_OBJECT_CONVERSION = YES_AGGRESSIVE;
				CLANG_CXX_LANGUAGE_STANDARD = "gnu++20";
				CLANG_ENABLE_MODULES = YES;
				CLANG_ENABLE_OBJC_ARC = YES;
				CLANG_ENABLE_OBJC_WEAK = YES;
				CLANG_WARN_BLOCK_CAPTURE_AUTORELEASING = YES;
				CLANG_WARN_BOOL_CONVERSION = YES;
				CLANG_WARN_COMMA = YES;
				CLANG_WARN_CONSTANT_CONVERSION = YES;
				CLANG_WARN_DEPRECATED_OBJC_IMPLEMENTATIONS = YES;
				CLANG_WARN_DIRECT_OBJC_ISA_USAGE = YES_ERROR;
				CLANG_WARN_DOCUMENTATION_COMMENTS = YES;
				CLANG_WARN_EMPTY_BODY = YES;
				CLANG_WARN_ENUM_CONVERSION = YES;
				CLANG_WARN_INFINITE_RECURSION = YES;
				CLANG_WARN_INT_CONVERSION = YES;
				CLANG_WARN_NON_LITERAL_NULL_CONVERSION = YES;
				CLANG_WARN_OBJC_IMPLICIT_RETAIN_SELF = YES;
				CLANG_WARN_OBJC_LITERAL_CONVERSION = YES;
				CLANG_WARN_OBJC_ROOT_CLASS = YES_ERROR;
				CLANG_WARN_QUOTED_INCLUDE_IN_FRAMEWORK_HEADER = YES;
				CLANG_WARN_RANGE_LOOP_ANALYSIS = YES;
				CLANG_WARN_STRICT_PROTOTYPES = YES;
				CLANG_WARN_SUSPICIOUS_MOVE = YES;
				CLANG_WARN_UNGUARDED_AVAILABILITY = YES_AGGRESSIVE;
				CLANG_WARN_UNREACHABLE_CODE = YES;
				CLANG_WARN__DUPLICATE_METHOD_MATCH = YES;
				COPY_PHASE_STRIP = NO;
				DEBUG_INFORMATION_FORMAT = "dwarf-with-dsym";
				ENABLE_NS_ASSERTIONS = NO;
				ENABLE_STRICT_OBJC_MSGSEND = YES;
				GCC_C_LANGUAGE_STANDARD = gnu11;
				GCC_NO_COMMON_BLOCKS = YES;
				GCC_WARN_64_TO_32_BIT_CONVERSION = YES;
				GCC_WARN_ABOUT_RETURN_TYPE = YES_ERROR;
				GCC_WARN_UNDECLARED_SELECTOR = YES;
				GCC_WARN_UNINITIALIZED_AUTOS = YES_AGGRESSIVE;
				GCC_WARN_UNUSED_FUNCTION = YES;
				GCC_WARN_UNUSED_VARIABLE = YES;
				IPHONEOS_DEPLOYMENT_TARGET = 16.0;
				MTL_ENABLE_DEBUG_INFO = NO;
				MTL_FAST_MATH = YES;
				SDKROOT = iphoneos;
				SWIFT_COMPILATION_MODE = wholemodule;
				SWIFT_OPTIMIZATION_LEVEL = "-O";
				VALIDATE_PRODUCT = YES;
			};
			name = Release;
		};
		F0A9635128E815EC00DB79A5 /* Debug */ = {
			isa = XCBuildConfiguration;
			buildSettings = {
				ASSETCATALOG_COMPILER_APPICON_NAME = AppIcon;
				ASSETCATALOG_COMPILER_GLOBAL_ACCENT_COLOR_NAME = AccentColor;
				CODE_SIGN_STYLE = Automatic;
				CURRENT_PROJECT_VERSION = 1;
				DEVELOPMENT_TEAM = 9733LH72T3;
				GENERATE_INFOPLIST_FILE = YES;
				INFOPLIST_FILE = "iTunes Client App/App/Plists/Info.plist";
				INFOPLIST_KEY_UIApplicationSupportsIndirectInputEvents = YES;
				INFOPLIST_KEY_UILaunchStoryboardName = LaunchScreen;
				INFOPLIST_KEY_UISupportedInterfaceOrientations_iPad = "UIInterfaceOrientationPortrait UIInterfaceOrientationPortraitUpsideDown UIInterfaceOrientationLandscapeLeft UIInterfaceOrientationLandscapeRight";
				INFOPLIST_KEY_UISupportedInterfaceOrientations_iPhone = "UIInterfaceOrientationPortrait UIInterfaceOrientationLandscapeLeft UIInterfaceOrientationLandscapeRight";
				LD_RUNPATH_SEARCH_PATHS = (
					"$(inherited)",
					"@executable_path/Frameworks",
				);
				MARKETING_VERSION = 1.0;
				PRODUCT_BUNDLE_IDENTIFIER = "com.berkay.iTunes-Client-App";
				PRODUCT_NAME = "$(TARGET_NAME)";
				SWIFT_EMIT_LOC_STRINGS = YES;
				SWIFT_VERSION = 5.0;
				TARGETED_DEVICE_FAMILY = "1,2";
			};
			name = Debug;
		};
		F0A9635228E815EC00DB79A5 /* Release */ = {
			isa = XCBuildConfiguration;
			buildSettings = {
				ASSETCATALOG_COMPILER_APPICON_NAME = AppIcon;
				ASSETCATALOG_COMPILER_GLOBAL_ACCENT_COLOR_NAME = AccentColor;
				CODE_SIGN_STYLE = Automatic;
				CURRENT_PROJECT_VERSION = 1;
				DEVELOPMENT_TEAM = 9733LH72T3;
				GENERATE_INFOPLIST_FILE = YES;
				INFOPLIST_FILE = "iTunes Client App/App/Plists/Info.plist";
				INFOPLIST_KEY_UIApplicationSupportsIndirectInputEvents = YES;
				INFOPLIST_KEY_UILaunchStoryboardName = LaunchScreen;
				INFOPLIST_KEY_UISupportedInterfaceOrientations_iPad = "UIInterfaceOrientationPortrait UIInterfaceOrientationPortraitUpsideDown UIInterfaceOrientationLandscapeLeft UIInterfaceOrientationLandscapeRight";
				INFOPLIST_KEY_UISupportedInterfaceOrientations_iPhone = "UIInterfaceOrientationPortrait UIInterfaceOrientationLandscapeLeft UIInterfaceOrientationLandscapeRight";
				LD_RUNPATH_SEARCH_PATHS = (
					"$(inherited)",
					"@executable_path/Frameworks",
				);
				MARKETING_VERSION = 1.0;
				PRODUCT_BUNDLE_IDENTIFIER = "com.berkay.iTunes-Client-App";
				PRODUCT_NAME = "$(TARGET_NAME)";
				SWIFT_EMIT_LOC_STRINGS = YES;
				SWIFT_VERSION = 5.0;
				TARGETED_DEVICE_FAMILY = "1,2";
			};
			name = Release;
		};
/* End XCBuildConfiguration section */

/* Begin XCConfigurationList section */
		F0A9633728E815EA00DB79A5 /* Build configuration list for PBXProject "iTunes Client App" */ = {
			isa = XCConfigurationList;
			buildConfigurations = (
				F0A9634E28E815EC00DB79A5 /* Debug */,
				F0A9634F28E815EC00DB79A5 /* Release */,
			);
			defaultConfigurationIsVisible = 0;
			defaultConfigurationName = Release;
		};
		F0A9635028E815EC00DB79A5 /* Build configuration list for PBXNativeTarget "iTunes Client App" */ = {
			isa = XCConfigurationList;
			buildConfigurations = (
				F0A9635128E815EC00DB79A5 /* Debug */,
				F0A9635228E815EC00DB79A5 /* Release */,
			);
			defaultConfigurationIsVisible = 0;
			defaultConfigurationName = Release;
		};
/* End XCConfigurationList section */
	};
	rootObject = F0A9633428E815EA00DB79A5 /* Project object */;
}
